// !$*UTF8*$!
{
	archiveVersion = 1;
	classes = {
	};
	objectVersion = 46;
	objects = {

/* Begin PBXBuildFile section */
		04AE8E571DCE538400778B6B /* AppDelegate.swift in Sources */ = {isa = PBXBuildFile; fileRef = 04AE8E561DCE538400778B6B /* AppDelegate.swift */; };
		04AE8E591DCE538400778B6B /* ViewController.swift in Sources */ = {isa = PBXBuildFile; fileRef = 04AE8E581DCE538400778B6B /* ViewController.swift */; };
		04AE8E5C1DCE538400778B6B /* Main.storyboard in Resources */ = {isa = PBXBuildFile; fileRef = 04AE8E5A1DCE538400778B6B /* Main.storyboard */; };
		04AE8E5E1DCE538400778B6B /* Assets.xcassets in Resources */ = {isa = PBXBuildFile; fileRef = 04AE8E5D1DCE538400778B6B /* Assets.xcassets */; };
		04AE8E611DCE538400778B6B /* LaunchScreen.storyboard in Resources */ = {isa = PBXBuildFile; fileRef = 04AE8E5F1DCE538400778B6B /* LaunchScreen.storyboard */; };
		04BA18041DCE54DF000B30A7 /* GoogleService-Info.plist in Resources */ = {isa = PBXBuildFile; fileRef = 04BA18031DCE54DF000B30A7 /* GoogleService-Info.plist */; };
		E38FBA29B969B1086571F08E /* Pods_DoneIt.framework in Frameworks */ = {isa = PBXBuildFile; fileRef = 695C0D1706832DC9B83478E2 /* Pods_DoneIt.framework */; };
/* End PBXBuildFile section */

/* Begin PBXFileReference section */
		04AE8E531DCE538400778B6B /* DoneIt.app */ = {isa = PBXFileReference; explicitFileType = wrapper.application; includeInIndex = 0; path = DoneIt.app; sourceTree = BUILT_PRODUCTS_DIR; };
		04AE8E561DCE538400778B6B /* AppDelegate.swift */ = {isa = PBXFileReference; lastKnownFileType = sourcecode.swift; path = AppDelegate.swift; sourceTree = "<group>"; };
		04AE8E581DCE538400778B6B /* ViewController.swift */ = {isa = PBXFileReference; lastKnownFileType = sourcecode.swift; path = ViewController.swift; sourceTree = "<group>"; };
		04AE8E5B1DCE538400778B6B /* Base */ = {isa = PBXFileReference; lastKnownFileType = file.storyboard; name = Base; path = Base.lproj/Main.storyboard; sourceTree = "<group>"; };
		04AE8E5D1DCE538400778B6B /* Assets.xcassets */ = {isa = PBXFileReference; lastKnownFileType = folder.assetcatalog; path = Assets.xcassets; sourceTree = "<group>"; };
		04AE8E601DCE538400778B6B /* Base */ = {isa = PBXFileReference; lastKnownFileType = file.storyboard; name = Base; path = Base.lproj/LaunchScreen.storyboard; sourceTree = "<group>"; };
		04AE8E621DCE538400778B6B /* Info.plist */ = {isa = PBXFileReference; lastKnownFileType = text.plist.xml; path = Info.plist; sourceTree = "<group>"; };
		04BA18031DCE54DF000B30A7 /* GoogleService-Info.plist */ = {isa = PBXFileReference; fileEncoding = 4; lastKnownFileType = text.plist.xml; path = "GoogleService-Info.plist"; sourceTree = "<group>"; };
		695C0D1706832DC9B83478E2 /* Pods_DoneIt.framework */ = {isa = PBXFileReference; explicitFileType = wrapper.framework; includeInIndex = 0; path = Pods_DoneIt.framework; sourceTree = BUILT_PRODUCTS_DIR; };
		E8133F852308BD995D687E48 /* Pods-DoneIt.release.xcconfig */ = {isa = PBXFileReference; includeInIndex = 1; lastKnownFileType = text.xcconfig; name = "Pods-DoneIt.release.xcconfig"; path = "Pods/Target Support Files/Pods-DoneIt/Pods-DoneIt.release.xcconfig"; sourceTree = "<group>"; };
		F1EAD09B7967ADD44923CD03 /* Pods-DoneIt.debug.xcconfig */ = {isa = PBXFileReference; includeInIndex = 1; lastKnownFileType = text.xcconfig; name = "Pods-DoneIt.debug.xcconfig"; path = "Pods/Target Support Files/Pods-DoneIt/Pods-DoneIt.debug.xcconfig"; sourceTree = "<group>"; };
/* End PBXFileReference section */

/* Begin PBXFrameworksBuildPhase section */
		04AE8E501DCE538300778B6B /* Frameworks */ = {
			isa = PBXFrameworksBuildPhase;
			buildActionMask = 2147483647;
			files = (
				E38FBA29B969B1086571F08E /* Pods_DoneIt.framework in Frameworks */,
			);
			runOnlyForDeploymentPostprocessing = 0;
		};
/* End PBXFrameworksBuildPhase section */

/* Begin PBXGroup section */
		04AE8E4A1DCE538300778B6B = {
			isa = PBXGroup;
			children = (
				04AE8E551DCE538400778B6B /* DoneIt */,
				04AE8E541DCE538400778B6B /* Products */,
				8B93D9170975AFC25884842D /* Pods */,
				85637419F1C2273936E526C4 /* Frameworks */,
			);
			sourceTree = "<group>";
		};
		04AE8E541DCE538400778B6B /* Products */ = {
			isa = PBXGroup;
			children = (
				04AE8E531DCE538400778B6B /* DoneIt.app */,
			);
			name = Products;
			sourceTree = "<group>";
		};
		04AE8E551DCE538400778B6B /* DoneIt */ = {
			isa = PBXGroup;
			children = (
				04AE8E561DCE538400778B6B /* AppDelegate.swift */,
				04AE8E581DCE538400778B6B /* ViewController.swift */,
				04AE8E5A1DCE538400778B6B /* Main.storyboard */,
				04AE8E5D1DCE538400778B6B /* Assets.xcassets */,
				04AE8E5F1DCE538400778B6B /* LaunchScreen.storyboard */,
				04AE8E621DCE538400778B6B /* Info.plist */,
				04BA18031DCE54DF000B30A7 /* GoogleService-Info.plist */,
			);
			path = DoneIt;
			sourceTree = "<group>";
		};
		85637419F1C2273936E526C4 /* Frameworks */ = {
			isa = PBXGroup;
			children = (
				695C0D1706832DC9B83478E2 /* Pods_DoneIt.framework */,
			);
			name = Frameworks;
			sourceTree = "<group>";
		};
		8B93D9170975AFC25884842D /* Pods */ = {
			isa = PBXGroup;
			children = (
				F1EAD09B7967ADD44923CD03 /* Pods-DoneIt.debug.xcconfig */,
				E8133F852308BD995D687E48 /* Pods-DoneIt.release.xcconfig */,
			);
			name = Pods;
			sourceTree = "<group>";
		};
/* End PBXGroup section */

/* Begin PBXNativeTarget section */
		04AE8E521DCE538300778B6B /* DoneIt */ = {
			isa = PBXNativeTarget;
			buildConfigurationList = 04AE8E651DCE538400778B6B /* Build configuration list for PBXNativeTarget "DoneIt" */;
			buildPhases = (
				3157C08207724F9D35AA99E0 /* [CP] Check Pods Manifest.lock */,
				04AE8E4F1DCE538300778B6B /* Sources */,
				04AE8E501DCE538300778B6B /* Frameworks */,
				04AE8E511DCE538300778B6B /* Resources */,
				8B945B34DA1443DE789CF22B /* [CP] Embed Pods Frameworks */,
				FD91DD052594C0CC5B1962C1 /* [CP] Copy Pods Resources */,
			);
			buildRules = (
			);
			dependencies = (
			);
			name = DoneIt;
			productName = DoneIt;
			productReference = 04AE8E531DCE538400778B6B /* DoneIt.app */;
			productType = "com.apple.product-type.application";
		};
/* End PBXNativeTarget section */

/* Begin PBXProject section */
		04AE8E4B1DCE538300778B6B /* Project object */ = {
			isa = PBXProject;
			attributes = {
				LastSwiftUpdateCheck = 0810;
				LastUpgradeCheck = 0810;
				ORGANIZATIONNAME = "Justin Madsen";
				TargetAttributes = {
					04AE8E521DCE538300778B6B = {
						CreatedOnToolsVersion = 8.1;
						DevelopmentTeam = 4FM6U54YA4;
						ProvisioningStyle = Automatic;
					};
				};
			};
			buildConfigurationList = 04AE8E4E1DCE538300778B6B /* Build configuration list for PBXProject "DoneIt" */;
			compatibilityVersion = "Xcode 3.2";
			developmentRegion = English;
			hasScannedForEncodings = 0;
			knownRegions = (
				en,
				Base,
			);
			mainGroup = 04AE8E4A1DCE538300778B6B;
			productRefGroup = 04AE8E541DCE538400778B6B /* Products */;
			projectDirPath = "";
			projectRoot = "";
			targets = (
				04AE8E521DCE538300778B6B /* DoneIt */,
			);
		};
/* End PBXProject section */

/* Begin PBXResourcesBuildPhase section */
		04AE8E511DCE538300778B6B /* Resources */ = {
			isa = PBXResourcesBuildPhase;
			buildActionMask = 2147483647;
			files = (
				04AE8E611DCE538400778B6B /* LaunchScreen.storyboard in Resources */,
				04BA18041DCE54DF000B30A7 /* GoogleService-Info.plist in Resources */,
				04AE8E5E1DCE538400778B6B /* Assets.xcassets in Resources */,
				04AE8E5C1DCE538400778B6B /* Main.storyboard in Resources */,
			);
			runOnlyForDeploymentPostprocessing = 0;
		};
/* End PBXResourcesBuildPhase section */

/* Begin PBXShellScriptBuildPhase section */
		3157C08207724F9D35AA99E0 /* [CP] Check Pods Manifest.lock */ = {
			isa = PBXShellScriptBuildPhase;
			buildActionMask = 2147483647;
			files = (
			);
			inputPaths = (
			);
			name = "[CP] Check Pods Manifest.lock";
			outputPaths = (
			);
			runOnlyForDeploymentPostprocessing = 0;
			shellPath = /bin/sh;
			shellScript = "diff \"${PODS_ROOT}/../Podfile.lock\" \"${PODS_ROOT}/Manifest.lock\" > /dev/null\nif [ $? != 0 ] ; then\n    # print error to STDERR\n    echo \"error: The sandbox is not in sync with the Podfile.lock. Run 'pod install' or update your CocoaPods installation.\" >&2\n    exit 1\nfi\n";
			showEnvVarsInLog = 0;
		};
		8B945B34DA1443DE789CF22B /* [CP] Embed Pods Frameworks */ = {
			isa = PBXShellScriptBuildPhase;
			buildActionMask = 2147483647;
			files = (
			);
			inputPaths = (
			);
			name = "[CP] Embed Pods Frameworks";
			outputPaths = (
			);
			runOnlyForDeploymentPostprocessing = 0;
			shellPath = /bin/sh;
			shellScript = "\"${SRCROOT}/Pods/Target Support Files/Pods-DoneIt/Pods-DoneIt-frameworks.sh\"\n";
			showEnvVarsInLog = 0;
		};
		FD91DD052594C0CC5B1962C1 /* [CP] Copy Pods Resources */ = {
			isa = PBXShellScriptBuildPhase;
			buildActionMask = 2147483647;
			files = (
			);
			inputPaths = (
			);
			name = "[CP] Copy Pods Resources";
			outputPaths = (
			);
			runOnlyForDeploymentPostprocessing = 0;
			shellPath = /bin/sh;
			shellScript = "\"${SRCROOT}/Pods/Target Support Files/Pods-DoneIt/Pods-DoneIt-resources.sh\"\n";
			showEnvVarsInLog = 0;
		};
/* End PBXShellScriptBuildPhase section */

/* Begin PBXSourcesBuildPhase section */
		04AE8E4F1DCE538300778B6B /* Sources */ = {
			isa = PBXSourcesBuildPhase;
			buildActionMask = 2147483647;
			files = (
				04AE8E591DCE538400778B6B /* ViewController.swift in Sources */,
				04AE8E571DCE538400778B6B /* AppDelegate.swift in Sources */,
			);
			runOnlyForDeploymentPostprocessing = 0;
		};
/* End PBXSourcesBuildPhase section */

/* Begin PBXVariantGroup section */
		04AE8E5A1DCE538400778B6B /* Main.storyboard */ = {
			isa = PBXVariantGroup;
			children = (
				04AE8E5B1DCE538400778B6B /* Base */,
			);
			name = Main.storyboard;
			sourceTree = "<group>";
		};
		04AE8E5F1DCE538400778B6B /* LaunchScreen.storyboard */ = {
			isa = PBXVariantGroup;
			children = (
				04AE8E601DCE538400778B6B /* Base */,
			);
			name = LaunchScreen.storyboard;
			sourceTree = "<group>";
		};
/* End PBXVariantGroup section */

/* Begin XCBuildConfiguration section */
		04AE8E631DCE538400778B6B /* Debug */ = {
			isa = XCBuildConfiguration;
			buildSettings = {
				ALWAYS_SEARCH_USER_PATHS = NO;
				CLANG_ANALYZER_NONNULL = YES;
				CLANG_CXX_LANGUAGE_STANDARD = "gnu++0x";
				CLANG_CXX_LIBRARY = "libc++";
				CLANG_ENABLE_MODULES = YES;
				CLANG_ENABLE_OBJC_ARC = YES;
				CLANG_WARN_BOOL_CONVERSION = YES;
				CLANG_WARN_CONSTANT_CONVERSION = YES;
				CLANG_WARN_DIRECT_OBJC_ISA_USAGE = YES_ERROR;
				CLANG_WARN_DOCUMENTATION_COMMENTS = YES;
				CLANG_WARN_EMPTY_BODY = YES;
				CLANG_WARN_ENUM_CONVERSION = YES;
				CLANG_WARN_INFINITE_RECURSION = YES;
				CLANG_WARN_INT_CONVERSION = YES;
				CLANG_WARN_OBJC_ROOT_CLASS = YES_ERROR;
				CLANG_WARN_SUSPICIOUS_MOVES = YES;
				CLANG_WARN_UNREACHABLE_CODE = YES;
				CLANG_WARN__DUPLICATE_METHOD_MATCH = YES;
				"CODE_SIGN_IDENTITY[sdk=iphoneos*]" = "iPhone Developer";
				COPY_PHASE_STRIP = NO;
				DEBUG_INFORMATION_FORMAT = dwarf;
				ENABLE_STRICT_OBJC_MSGSEND = YES;
				ENABLE_TESTABILITY = YES;
				GCC_C_LANGUAGE_STANDARD = gnu99;
				GCC_DYNAMIC_NO_PIC = NO;
				GCC_NO_COMMON_BLOCKS = YES;
				GCC_OPTIMIZATION_LEVEL = 0;
				GCC_PREPROCESSOR_DEFINITIONS = (
					"DEBUG=1",
					"$(inherited)",
				);
				GCC_WARN_64_TO_32_BIT_CONVERSION = YES;
				GCC_WARN_ABOUT_RETURN_TYPE = YES_ERROR;
				GCC_WARN_UNDECLARED_SELECTOR = YES;
				GCC_WARN_UNINITIALIZED_AUTOS = YES_AGGRESSIVE;
				GCC_WARN_UNUSED_FUNCTION = YES;
				GCC_WARN_UNUSED_VARIABLE = YES;
				IPHONEOS_DEPLOYMENT_TARGET = 10.1;
				MTL_ENABLE_DEBUG_INFO = YES;
				ONLY_ACTIVE_ARCH = YES;
				SDKROOT = iphoneos;
				SWIFT_ACTIVE_COMPILATION_CONDITIONS = DEBUG;
				SWIFT_OPTIMIZATION_LEVEL = "-Onone";
				TARGETED_DEVICE_FAMILY = "1,2";
			};
			name = Debug;
		};
		04AE8E641DCE538400778B6B /* Release */ = {
			isa = XCBuildConfiguration;
			buildSettings = {
				ALWAYS_SEARCH_USER_PATHS = NO;
				CLANG_ANALYZER_NONNULL = YES;
				CLANG_CXX_LANGUAGE_STANDARD = "gnu++0x";
				CLANG_CXX_LIBRARY = "libc++";
				CLANG_ENABLE_MODULES = YES;
				CLANG_ENABLE_OBJC_ARC = YES;
				CLANG_WARN_BOOL_CONVERSION = YES;
				CLANG_WARN_CONSTANT_CONVERSION = YES;
				CLANG_WARN_DIRECT_OBJC_ISA_USAGE = YES_ERROR;
				CLANG_WARN_DOCUMENTATION_COMMENTS = YES;
				CLANG_WARN_EMPTY_BODY = YES;
				CLANG_WARN_ENUM_CONVERSION = YES;
				CLANG_WARN_INFINITE_RECURSION = YES;
				CLANG_WARN_INT_CONVERSION = YES;
				CLANG_WARN_OBJC_ROOT_CLASS = YES_ERROR;
				CLANG_WARN_SUSPICIOUS_MOVES = YES;
				CLANG_WARN_UNREACHABLE_CODE = YES;
				CLANG_WARN__DUPLICATE_METHOD_MATCH = YES;
				"CODE_SIGN_IDENTITY[sdk=iphoneos*]" = "iPhone Developer";
				COPY_PHASE_STRIP = NO;
				DEBUG_INFORMATION_FORMAT = "dwarf-with-dsym";
				ENABLE_NS_ASSERTIONS = NO;
				ENABLE_STRICT_OBJC_MSGSEND = YES;
				GCC_C_LANGUAGE_STANDARD = gnu99;
				GCC_NO_COMMON_BLOCKS = YES;
				GCC_WARN_64_TO_32_BIT_CONVERSION = YES;
				GCC_WARN_ABOUT_RETURN_TYPE = YES_ERROR;
				GCC_WARN_UNDECLARED_SELECTOR = YES;
				GCC_WARN_UNINITIALIZED_AUTOS = YES_AGGRESSIVE;
				GCC_WARN_UNUSED_FUNCTION = YES;
				GCC_WARN_UNUSED_VARIABLE = YES;
				IPHONEOS_DEPLOYMENT_TARGET = 10.1;
				MTL_ENABLE_DEBUG_INFO = NO;
				SDKROOT = iphoneos;
				SWIFT_OPTIMIZATION_LEVEL = "-Owholemodule";
				TARGETED_DEVICE_FAMILY = "1,2";
				VALIDATE_PRODUCT = YES;
			};
			name = Release;
		};
		04AE8E661DCE538400778B6B /* Debug */ = {
			isa = XCBuildConfiguration;
			baseConfigurationReference = F1EAD09B7967ADD44923CD03 /* Pods-DoneIt.debug.xcconfig */;
			buildSettings = {
				ASSETCATALOG_COMPILER_APPICON_NAME = AppIcon;
				DEVELOPMENT_TEAM = 4FM6U54YA4;
				INFOPLIST_FILE = DoneIt/Info.plist;
				LD_RUNPATH_SEARCH_PATHS = "$(inherited) @executable_path/Frameworks";
				PRODUCT_BUNDLE_IDENTIFIER = mbv.DoneIt;
				PRODUCT_NAME = "$(TARGET_NAME)";
				SWIFT_VERSION = 3.0;
			};
			name = Debug;
		};
		04AE8E671DCE538400778B6B /* Release */ = {
			isa = XCBuildConfiguration;
			baseConfigurationReference = E8133F852308BD995D687E48 /* Pods-DoneIt.release.xcconfig */;
			buildSettings = {
				ASSETCATALOG_COMPILER_APPICON_NAME = AppIcon;
				DEVELOPMENT_TEAM = 4FM6U54YA4;
				INFOPLIST_FILE = DoneIt/Info.plist;
				LD_RUNPATH_SEARCH_PATHS = "$(inherited) @executable_path/Frameworks";
				PRODUCT_BUNDLE_IDENTIFIER = mbv.DoneIt;
				PRODUCT_NAME = "$(TARGET_NAME)";
				SWIFT_VERSION = 3.0;
			};
			name = Release;
		};
/* End XCBuildConfiguration section */

/* Begin XCConfigurationList section */
		04AE8E4E1DCE538300778B6B /* Build configuration list for PBXProject "DoneIt" */ = {
			isa = XCConfigurationList;
			buildConfigurations = (
				04AE8E631DCE538400778B6B /* Debug */,
				04AE8E641DCE538400778B6B /* Release */,
			);
			defaultConfigurationIsVisible = 0;
			defaultConfigurationName = Release;
		};
		04AE8E651DCE538400778B6B /* Build configuration list for PBXNativeTarget "DoneIt" */ = {
			isa = XCConfigurationList;
			buildConfigurations = (
				04AE8E661DCE538400778B6B /* Debug */,
				04AE8E671DCE538400778B6B /* Release */,
			);
			defaultConfigurationIsVisible = 0;
			defaultConfigurationName = Release;
		};
/* End XCConfigurationList section */
	};
	rootObject = 04AE8E4B1DCE538300778B6B /* Project object */;
}
